
Microsoft Visual Studio Solution File, Format Version 12.00
# Visual Studio Version 17
VisualStudioVersion = 17.2.32526.322
MinimumVisualStudioVersion = 10.0.40219.1
Project("{FAE04EC0-301F-11D3-BF4B-00C04F79EFBC}") = "csFighterPilotGame2", "csFighterPilotGame2\csFighterPilotGame2.csproj", "{DC81819E-5F8A-4378-85BE-E8051D1A0728}"
EndProject
Project("{FAE04EC0-301F-11D3-BF4B-00C04F79EFBC}") = "csFighterPilotGame2Test", "csFighterPilotGame2Test\csFighterPilotGame2Test.csproj", "{1ECB1EE6-B9F6-49BF-A3A1-A0301553A184}"
EndProject
Global
	GlobalSection(SolutionConfigurationPlatforms) = preSolution
		Debug|Any CPU = Debug|Any CPU
		Release|Any CPU = Release|Any CPU
	EndGlobalSection
	GlobalSection(ProjectConfigurationPlatforms) = postSolution
		{DC81819E-5F8A-4378-85BE-E8051D1A0728}.Debug|Any CPU.ActiveCfg = Debug|Any CPU
		{DC81819E-5F8A-4378-85BE-E8051D1A0728}.Debug|Any CPU.Build.0 = Debug|Any CPU
		{DC81819E-5F8A-4378-85BE-E8051D1A0728}.Release|Any CPU.ActiveCfg = Release|Any CPU
		{DC81819E-5F8A-4378-85BE-E8051D1A0728}.Release|Any CPU.Build.0 = Release|Any CPU
		{1ECB1EE6-B9F6-49BF-A3A1-A0301553A184}.Debug|Any CPU.ActiveCfg = Debug|Any CPU
		{1ECB1EE6-B9F6-49BF-A3A1-A0301553A184}.Debug|Any CPU.Build.0 = Debug|Any CPU
		{1ECB1EE6-B9F6-49BF-A3A1-A0301553A184}.Release|Any CPU.ActiveCfg = Release|Any CPU
		{1ECB1EE6-B9F6-49BF-A3A1-A0301553A184}.Release|Any CPU.Build.0 = Release|Any CPU
	EndGlobalSection
	GlobalSection(SolutionProperties) = preSolution
		HideSolutionNode = FALSE
	EndGlobalSection
	GlobalSection(ExtensibilityGlobals) = postSolution
		SolutionGuid = {381EDD47-F8C3-45ED-B77B-4AC90BEEE41B}
	EndGlobalSection
EndGlobal
